Microsoft Visual Studio Solution File, Format Version 12.00
# Visual Studio Version 17
VisualStudioVersion = 17.3.32505.426
MinimumVisualStudioVersion = 10.0.40219.1
Project("{2150E333-8FDC-42A3-9474-1A3956D46DE8}") = "Shared", "Shared", "{FCA8CA8F-EE29-4CEA-8627-5EA7638B7C04}"
EndProject
Project("{9A19103F-16F7-4668-BE54-9A1E7A4F7556}") = "Stockfolio.Shared.Tests", "src\Shared\Stockfolio.Shared.Tests\Stockfolio.Shared.Tests.csproj", "{3C49875F-386E-4C94-A80C-0C75C7A83BCB}"
EndProject
Project("{2150E333-8FDC-42A3-9474-1A3956D46DE8}") = "Bootstrapper", "Bootstrapper", "{110B9A2A-E39B-4883-ACB6-7E05CE77AF9C}"
EndProject
Project("{9A19103F-16F7-4668-BE54-9A1E7A4F7556}") = "Stockfolio.Bootstrapper", "src\Bootstrapper\Stockfolio.Bootstrapper\Stockfolio.Bootstrapper.csproj", "{F478360B-DE13-4F0B-9649-C7D4F8539D28}"
EndProject
Project("{9A19103F-16F7-4668-BE54-9A1E7A4F7556}") = "Stockfolio.Shared.Abstractions", "src\Shared\Stockfolio.Shared.Abstractions\Stockfolio.Shared.Abstractions.csproj", "{C8212E43-5130-49C7-A5B0-7C6FD5249A34}"
EndProject
Project("{9A19103F-16F7-4668-BE54-9A1E7A4F7556}") = "Stockfolio.Shared.Infrastructure", "src\Shared\Stockfolio.Shared.Infrastructure\Stockfolio.Shared.Infrastructure.csproj", "{BEFC3D0A-B8FF-4147-835D-B5AA3F089CE9}"
EndProject
Project("{9A19103F-16F7-4668-BE54-9A1E7A4F7556}") = "Stockfolio.Shared.Tests.EndToEnd", "src\Shared\Stockfolio.Shared.Tests.EndToEnd\Stockfolio.Shared.Tests.EndToEnd.csproj", "{1A0FF48D-B70B-48FE-88B3-46010BA48E7D}"
EndProject
Project("{2150E333-8FDC-42A3-9474-1A3956D46DE8}") = "Modules", "Modules", "{47446019-475A-4080-AEAD-C4A02C7C32B0}"
EndProject
Project("{2150E333-8FDC-42A3-9474-1A3956D46DE8}") = "Portfolios", "Portfolios", "{83747B88-8688-421B-943F-8FD5740CB285}"
EndProject
Project("{9A19103F-16F7-4668-BE54-9A1E7A4F7556}") = "Stockfolio.Modules.Portfolios.Api", "src\Modules\Portfolios\Stockfolio.Modules.Portfolios.Api\Stockfolio.Modules.Portfolios.Api.csproj", "{C33DFE37-43EE-4E4E-A673-A4E46B7ACA71}"
EndProject
Project("{9A19103F-16F7-4668-BE54-9A1E7A4F7556}") = "Stockfolio.Modules.Portfolios.Application", "src\Modules\Portfolios\Stockfolio.Modules.Portfolios.Application\Stockfolio.Modules.Portfolios.Application.csproj", "{2B7751F7-31AF-4C74-BC2A-90613C2C7AEC}"
EndProject
Project("{9A19103F-16F7-4668-BE54-9A1E7A4F7556}") = "Stockfolio.Modules.Portfolios.Core", "src\Modules\Portfolios\Stockfolio.Modules.Portfolios.Core\Stockfolio.Modules.Portfolios.Core.csproj", "{0AAF4E59-8D56-49BD-94E1-96053694DB43}"
EndProject
Project("{9A19103F-16F7-4668-BE54-9A1E7A4F7556}") = "Stockfolio.Modules.Portfolios.Infrastructure", "src\Modules\Portfolios\Stockfolio.Modules.Portfolios.Infrastructure\Stockfolio.Modules.Portfolios.Infrastructure.csproj", "{88192190-F47C-4110-BAB4-15A259370538}"
EndProject
Project("{9A19103F-16F7-4668-BE54-9A1E7A4F7556}") = "Stockfolio.Modules.Portfolios.Tests.EndToEnd", "src\Modules\Portfolios\tests\Stockfolio.Modules.Portfolios.Tests.EndToEnd\Stockfolio.Modules.Portfolios.Tests.EndToEnd.csproj", "{067C2F73-0E67-4275-A7AC-D9CF7DE9B816}"
EndProject
Project("{9A19103F-16F7-4668-BE54-9A1E7A4F7556}") = "Stockfolio.Modules.Portfolios.Tests.Unit", "src\Modules\Portfolios\tests\Stockfolio.Modules.Portfolios.Tests.Unit\Stockfolio.Modules.Portfolios.Tests.Unit.csproj", "{1DD6A6E3-7B44-4546-8DE9-E760092E5383}"
EndProject
Project("{9A19103F-16F7-4668-BE54-9A1E7A4F7556}") = "Stockfolio.Modules.Portfolios.Tests.Integration", "src\Modules\Portfolios\tests\Stockfolio.Modules.Portfolios.Tests.Integration\Stockfolio.Modules.Portfolios.Tests.Integration.csproj", "{CDD7CE77-D116-410D-87A1-B2CA15BEBD81}"
EndProject
Project("{2150E333-8FDC-42A3-9474-1A3956D46DE8}") = "Tests", "Tests", "{A9F6763B-97CD-4520-96A2-EC6A9C1CEEE2}"
EndProject
Project("{2150E333-8FDC-42A3-9474-1A3956D46DE8}") = "Tests", "Tests", "{B3ED4EBD-0881-4B81-BE67-B1D508C591DC}"
EndProject
Project("{2150E333-8FDC-42A3-9474-1A3956D46DE8}") = "Assets", "Assets", "{24266F7D-EC6E-4072-A807-1E2EA7994DAB}"
EndProject
Project("{2150E333-8FDC-42A3-9474-1A3956D46DE8}") = "Users", "Users", "{30D0171C-EB8A-4675-85E6-C38DE20696F2}"
EndProject
Project("{9A19103F-16F7-4668-BE54-9A1E7A4F7556}") = "Stockfolio.Modules.Users.Api", "src\Modules\Users\Stockfolio.Modules.Users.Api\Stockfolio.Modules.Users.Api.csproj", "{627C7CC6-1B5C-4B39-8D7E-50173932FB31}"
EndProject
Project("{9A19103F-16F7-4668-BE54-9A1E7A4F7556}") = "Stockfolio.Modules.Users.Core", "src\Modules\Users\Stockfolio.Modules.Users.Core\Stockfolio.Modules.Users.Core.csproj", "{B1AF57F7-A498-46B8-946E-FF47E2F9FA3C}"
EndProject
Project("{2150E333-8FDC-42A3-9474-1A3956D46DE8}") = "Tests", "Tests", "{D886B717-2B3B-404D-8ADC-9AA49398FA5E}"
EndProject
Project("{9A19103F-16F7-4668-BE54-9A1E7A4F7556}") = "Stockfolio.Modules.Users.Tests.Unit", "src\Modules\Users\Tests\Stockfolio.Modules.Users.Tests.Unit\Stockfolio.Modules.Users.Tests.Unit.csproj", "{925B2F06-2A7F-4033-9EAB-0BFC0B0F7569}"
EndProject
Project("{9A19103F-16F7-4668-BE54-9A1E7A4F7556}") = "Stockfolio.Modules.Assets.Api", "src\Modules\Assets\Stockfolio.Modules.Assets.Api\Stockfolio.Modules.Assets.Api.csproj", "{8752A79D-6461-4108-B586-4073D28E6117}"
EndProject
Project("{9A19103F-16F7-4668-BE54-9A1E7A4F7556}") = "Stockfolio.Modules.Assets.Infrastructure", "src\Modules\Assets\Stockfolio.Modules.Assets.Infrastructure\Stockfolio.Modules.Assets.Infrastructure.csproj", "{9DA398B7-8A00-4F55-B454-38704A17B9D8}"
EndProject
Project("{9A19103F-16F7-4668-BE54-9A1E7A4F7556}") = "Stockfolio.Modules.Assets.Application", "src\Modules\Assets\Stockfolio.Modules.Assets.Application\Stockfolio.Modules.Assets.Application.csproj", "{E90AC67F-701B-4663-8408-52ED31B0DE03}"
EndProject
Project("{2150E333-8FDC-42A3-9474-1A3956D46DE8}") = "Tests", "Tests", "{B899EFBD-B7CE-410B-83C0-78A540C50128}"
EndProject
Project("{9A19103F-16F7-4668-BE54-9A1E7A4F7556}") = "Stockfolio.Modules.Assets.Tests.Unit", "src\Modules\Assets\Tests\Stockfolio.Modules.Assets.Tests.Unit\Stockfolio.Modules.Assets.Tests.Unit.csproj", "{3E134109-A1FB-41C1-BB50-9346FD36DC16}"
EndProject
Project("{9A19103F-16F7-4668-BE54-9A1E7A4F7556}") = "Stockfolio.Modules.Assets.Tests.Integration", "src\Modules\Assets\Tests\Stockfolio.Modules.Assets.Tests.Integration\Stockfolio.Modules.Assets.Tests.Integration.csproj", "{64127889-7CA0-4DB6-B891-FE2A8B07D001}"
EndProject
Project("{FAE04EC0-301F-11D3-BF4B-00C04F79EFBC}") = "Stockfolio.Modules.Assets.Core", "src\Modules\Assets\Stockfolio.Modules.Assets.Domain\Stockfolio.Modules.Assets.Core.csproj", "{1773F34C-BF8A-4597-B47D-BF20CE9EF4D4}"
EndProject
Global
	GlobalSection(SolutionConfigurationPlatforms) = preSolution
		Debug|Any CPU = Debug|Any CPU
		Debug|x64 = Debug|x64
		Debug|x86 = Debug|x86
		Release|Any CPU = Release|Any CPU
		Release|x64 = Release|x64
		Release|x86 = Release|x86
	EndGlobalSection
	GlobalSection(ProjectConfigurationPlatforms) = postSolution
		{3C49875F-386E-4C94-A80C-0C75C7A83BCB}.Debug|Any CPU.ActiveCfg = Debug|Any CPU
		{3C49875F-386E-4C94-A80C-0C75C7A83BCB}.Debug|Any CPU.Build.0 = Debug|Any CPU
		{3C49875F-386E-4C94-A80C-0C75C7A83BCB}.Debug|x64.ActiveCfg = Debug|Any CPU
		{3C49875F-386E-4C94-A80C-0C75C7A83BCB}.Debug|x64.Build.0 = Debug|Any CPU
		{3C49875F-386E-4C94-A80C-0C75C7A83BCB}.Debug|x86.ActiveCfg = Debug|Any CPU
		{3C49875F-386E-4C94-A80C-0C75C7A83BCB}.Debug|x86.Build.0 = Debug|Any CPU
		{3C49875F-386E-4C94-A80C-0C75C7A83BCB}.Release|Any CPU.ActiveCfg = Release|Any CPU
		{3C49875F-386E-4C94-A80C-0C75C7A83BCB}.Release|Any CPU.Build.0 = Release|Any CPU
		{3C49875F-386E-4C94-A80C-0C75C7A83BCB}.Release|x64.ActiveCfg = Release|Any CPU
		{3C49875F-386E-4C94-A80C-0C75C7A83BCB}.Release|x64.Build.0 = Release|Any CPU
		{3C49875F-386E-4C94-A80C-0C75C7A83BCB}.Release|x86.ActiveCfg = Release|Any CPU
		{3C49875F-386E-4C94-A80C-0C75C7A83BCB}.Release|x86.Build.0 = Release|Any CPU
		{F478360B-DE13-4F0B-9649-C7D4F8539D28}.Debug|Any CPU.ActiveCfg = Debug|Any CPU
		{F478360B-DE13-4F0B-9649-C7D4F8539D28}.Debug|Any CPU.Build.0 = Debug|Any CPU
		{F478360B-DE13-4F0B-9649-C7D4F8539D28}.Debug|x64.ActiveCfg = Debug|Any CPU
		{F478360B-DE13-4F0B-9649-C7D4F8539D28}.Debug|x64.Build.0 = Debug|Any CPU
		{F478360B-DE13-4F0B-9649-C7D4F8539D28}.Debug|x86.ActiveCfg = Debug|Any CPU
		{F478360B-DE13-4F0B-9649-C7D4F8539D28}.Debug|x86.Build.0 = Debug|Any CPU
		{F478360B-DE13-4F0B-9649-C7D4F8539D28}.Release|Any CPU.ActiveCfg = Release|Any CPU
		{F478360B-DE13-4F0B-9649-C7D4F8539D28}.Release|Any CPU.Build.0 = Release|Any CPU
		{F478360B-DE13-4F0B-9649-C7D4F8539D28}.Release|x64.ActiveCfg = Release|Any CPU
		{F478360B-DE13-4F0B-9649-C7D4F8539D28}.Release|x64.Build.0 = Release|Any CPU
		{F478360B-DE13-4F0B-9649-C7D4F8539D28}.Release|x86.ActiveCfg = Release|Any CPU
		{F478360B-DE13-4F0B-9649-C7D4F8539D28}.Release|x86.Build.0 = Release|Any CPU
		{C8212E43-5130-49C7-A5B0-7C6FD5249A34}.Debug|Any CPU.ActiveCfg = Debug|Any CPU
		{C8212E43-5130-49C7-A5B0-7C6FD5249A34}.Debug|Any CPU.Build.0 = Debug|Any CPU
		{C8212E43-5130-49C7-A5B0-7C6FD5249A34}.Debug|x64.ActiveCfg = Debug|Any CPU
		{C8212E43-5130-49C7-A5B0-7C6FD5249A34}.Debug|x64.Build.0 = Debug|Any CPU
		{C8212E43-5130-49C7-A5B0-7C6FD5249A34}.Debug|x86.ActiveCfg = Debug|Any CPU
		{C8212E43-5130-49C7-A5B0-7C6FD5249A34}.Debug|x86.Build.0 = Debug|Any CPU
		{C8212E43-5130-49C7-A5B0-7C6FD5249A34}.Release|Any CPU.ActiveCfg = Release|Any CPU
		{C8212E43-5130-49C7-A5B0-7C6FD5249A34}.Release|Any CPU.Build.0 = Release|Any CPU
		{C8212E43-5130-49C7-A5B0-7C6FD5249A34}.Release|x64.ActiveCfg = Release|Any CPU
		{C8212E43-5130-49C7-A5B0-7C6FD5249A34}.Release|x64.Build.0 = Release|Any CPU
		{C8212E43-5130-49C7-A5B0-7C6FD5249A34}.Release|x86.ActiveCfg = Release|Any CPU
		{C8212E43-5130-49C7-A5B0-7C6FD5249A34}.Release|x86.Build.0 = Release|Any CPU
		{BEFC3D0A-B8FF-4147-835D-B5AA3F089CE9}.Debug|Any CPU.ActiveCfg = Debug|Any CPU
		{BEFC3D0A-B8FF-4147-835D-B5AA3F089CE9}.Debug|Any CPU.Build.0 = Debug|Any CPU
		{BEFC3D0A-B8FF-4147-835D-B5AA3F089CE9}.Debug|x64.ActiveCfg = Debug|Any CPU
		{BEFC3D0A-B8FF-4147-835D-B5AA3F089CE9}.Debug|x64.Build.0 = Debug|Any CPU
		{BEFC3D0A-B8FF-4147-835D-B5AA3F089CE9}.Debug|x86.ActiveCfg = Debug|Any CPU
		{BEFC3D0A-B8FF-4147-835D-B5AA3F089CE9}.Debug|x86.Build.0 = Debug|Any CPU
		{BEFC3D0A-B8FF-4147-835D-B5AA3F089CE9}.Release|Any CPU.ActiveCfg = Release|Any CPU
		{BEFC3D0A-B8FF-4147-835D-B5AA3F089CE9}.Release|Any CPU.Build.0 = Release|Any CPU
		{BEFC3D0A-B8FF-4147-835D-B5AA3F089CE9}.Release|x64.ActiveCfg = Release|Any CPU
		{BEFC3D0A-B8FF-4147-835D-B5AA3F089CE9}.Release|x64.Build.0 = Release|Any CPU
		{BEFC3D0A-B8FF-4147-835D-B5AA3F089CE9}.Release|x86.ActiveCfg = Release|Any CPU
		{BEFC3D0A-B8FF-4147-835D-B5AA3F089CE9}.Release|x86.Build.0 = Release|Any CPU
		{1A0FF48D-B70B-48FE-88B3-46010BA48E7D}.Debug|Any CPU.ActiveCfg = Debug|Any CPU
		{1A0FF48D-B70B-48FE-88B3-46010BA48E7D}.Debug|Any CPU.Build.0 = Debug|Any CPU
		{1A0FF48D-B70B-48FE-88B3-46010BA48E7D}.Debug|x64.ActiveCfg = Debug|Any CPU
		{1A0FF48D-B70B-48FE-88B3-46010BA48E7D}.Debug|x64.Build.0 = Debug|Any CPU
		{1A0FF48D-B70B-48FE-88B3-46010BA48E7D}.Debug|x86.ActiveCfg = Debug|Any CPU
		{1A0FF48D-B70B-48FE-88B3-46010BA48E7D}.Debug|x86.Build.0 = Debug|Any CPU
		{1A0FF48D-B70B-48FE-88B3-46010BA48E7D}.Release|Any CPU.ActiveCfg = Release|Any CPU
		{1A0FF48D-B70B-48FE-88B3-46010BA48E7D}.Release|Any CPU.Build.0 = Release|Any CPU
		{1A0FF48D-B70B-48FE-88B3-46010BA48E7D}.Release|x64.ActiveCfg = Release|Any CPU
		{1A0FF48D-B70B-48FE-88B3-46010BA48E7D}.Release|x64.Build.0 = Release|Any CPU
		{1A0FF48D-B70B-48FE-88B3-46010BA48E7D}.Release|x86.ActiveCfg = Release|Any CPU
		{1A0FF48D-B70B-48FE-88B3-46010BA48E7D}.Release|x86.Build.0 = Release|Any CPU
		{C33DFE37-43EE-4E4E-A673-A4E46B7ACA71}.Debug|Any CPU.ActiveCfg = Debug|Any CPU
		{C33DFE37-43EE-4E4E-A673-A4E46B7ACA71}.Debug|Any CPU.Build.0 = Debug|Any CPU
		{C33DFE37-43EE-4E4E-A673-A4E46B7ACA71}.Debug|x64.ActiveCfg = Debug|Any CPU
		{C33DFE37-43EE-4E4E-A673-A4E46B7ACA71}.Debug|x64.Build.0 = Debug|Any CPU
		{C33DFE37-43EE-4E4E-A673-A4E46B7ACA71}.Debug|x86.ActiveCfg = Debug|Any CPU
		{C33DFE37-43EE-4E4E-A673-A4E46B7ACA71}.Debug|x86.Build.0 = Debug|Any CPU
		{C33DFE37-43EE-4E4E-A673-A4E46B7ACA71}.Release|Any CPU.ActiveCfg = Release|Any CPU
		{C33DFE37-43EE-4E4E-A673-A4E46B7ACA71}.Release|Any CPU.Build.0 = Release|Any CPU
		{C33DFE37-43EE-4E4E-A673-A4E46B7ACA71}.Release|x64.ActiveCfg = Release|Any CPU
		{C33DFE37-43EE-4E4E-A673-A4E46B7ACA71}.Release|x64.Build.0 = Release|Any CPU
		{C33DFE37-43EE-4E4E-A673-A4E46B7ACA71}.Release|x86.ActiveCfg = Release|Any CPU
		{C33DFE37-43EE-4E4E-A673-A4E46B7ACA71}.Release|x86.Build.0 = Release|Any CPU
		{2B7751F7-31AF-4C74-BC2A-90613C2C7AEC}.Debug|Any CPU.ActiveCfg = Debug|Any CPU
		{2B7751F7-31AF-4C74-BC2A-90613C2C7AEC}.Debug|Any CPU.Build.0 = Debug|Any CPU
		{2B7751F7-31AF-4C74-BC2A-90613C2C7AEC}.Debug|x64.ActiveCfg = Debug|Any CPU
		{2B7751F7-31AF-4C74-BC2A-90613C2C7AEC}.Debug|x64.Build.0 = Debug|Any CPU
		{2B7751F7-31AF-4C74-BC2A-90613C2C7AEC}.Debug|x86.ActiveCfg = Debug|Any CPU
		{2B7751F7-31AF-4C74-BC2A-90613C2C7AEC}.Debug|x86.Build.0 = Debug|Any CPU
		{2B7751F7-31AF-4C74-BC2A-90613C2C7AEC}.Release|Any CPU.ActiveCfg = Release|Any CPU
		{2B7751F7-31AF-4C74-BC2A-90613C2C7AEC}.Release|Any CPU.Build.0 = Release|Any CPU
		{2B7751F7-31AF-4C74-BC2A-90613C2C7AEC}.Release|x64.ActiveCfg = Release|Any CPU
		{2B7751F7-31AF-4C74-BC2A-90613C2C7AEC}.Release|x64.Build.0 = Release|Any CPU
		{2B7751F7-31AF-4C74-BC2A-90613C2C7AEC}.Release|x86.ActiveCfg = Release|Any CPU
		{2B7751F7-31AF-4C74-BC2A-90613C2C7AEC}.Release|x86.Build.0 = Release|Any CPU
		{0AAF4E59-8D56-49BD-94E1-96053694DB43}.Debug|Any CPU.ActiveCfg = Debug|Any CPU
		{0AAF4E59-8D56-49BD-94E1-96053694DB43}.Debug|Any CPU.Build.0 = Debug|Any CPU
		{0AAF4E59-8D56-49BD-94E1-96053694DB43}.Debug|x64.ActiveCfg = Debug|Any CPU
		{0AAF4E59-8D56-49BD-94E1-96053694DB43}.Debug|x64.Build.0 = Debug|Any CPU
		{0AAF4E59-8D56-49BD-94E1-96053694DB43}.Debug|x86.ActiveCfg = Debug|Any CPU
		{0AAF4E59-8D56-49BD-94E1-96053694DB43}.Debug|x86.Build.0 = Debug|Any CPU
		{0AAF4E59-8D56-49BD-94E1-96053694DB43}.Release|Any CPU.ActiveCfg = Release|Any CPU
		{0AAF4E59-8D56-49BD-94E1-96053694DB43}.Release|Any CPU.Build.0 = Release|Any CPU
		{0AAF4E59-8D56-49BD-94E1-96053694DB43}.Release|x64.ActiveCfg = Release|Any CPU
		{0AAF4E59-8D56-49BD-94E1-96053694DB43}.Release|x64.Build.0 = Release|Any CPU
		{0AAF4E59-8D56-49BD-94E1-96053694DB43}.Release|x86.ActiveCfg = Release|Any CPU
		{0AAF4E59-8D56-49BD-94E1-96053694DB43}.Release|x86.Build.0 = Release|Any CPU
		{88192190-F47C-4110-BAB4-15A259370538}.Debug|Any CPU.ActiveCfg = Debug|Any CPU
		{88192190-F47C-4110-BAB4-15A259370538}.Debug|Any CPU.Build.0 = Debug|Any CPU
		{88192190-F47C-4110-BAB4-15A259370538}.Debug|x64.ActiveCfg = Debug|Any CPU
		{88192190-F47C-4110-BAB4-15A259370538}.Debug|x64.Build.0 = Debug|Any CPU
		{88192190-F47C-4110-BAB4-15A259370538}.Debug|x86.ActiveCfg = Debug|Any CPU
		{88192190-F47C-4110-BAB4-15A259370538}.Debug|x86.Build.0 = Debug|Any CPU
		{88192190-F47C-4110-BAB4-15A259370538}.Release|Any CPU.ActiveCfg = Release|Any CPU
		{88192190-F47C-4110-BAB4-15A259370538}.Release|Any CPU.Build.0 = Release|Any CPU
		{88192190-F47C-4110-BAB4-15A259370538}.Release|x64.ActiveCfg = Release|Any CPU
		{88192190-F47C-4110-BAB4-15A259370538}.Release|x64.Build.0 = Release|Any CPU
		{88192190-F47C-4110-BAB4-15A259370538}.Release|x86.ActiveCfg = Release|Any CPU
		{88192190-F47C-4110-BAB4-15A259370538}.Release|x86.Build.0 = Release|Any CPU
		{067C2F73-0E67-4275-A7AC-D9CF7DE9B816}.Debug|Any CPU.ActiveCfg = Debug|Any CPU
		{067C2F73-0E67-4275-A7AC-D9CF7DE9B816}.Debug|Any CPU.Build.0 = Debug|Any CPU
		{067C2F73-0E67-4275-A7AC-D9CF7DE9B816}.Debug|x64.ActiveCfg = Debug|Any CPU
		{067C2F73-0E67-4275-A7AC-D9CF7DE9B816}.Debug|x64.Build.0 = Debug|Any CPU
		{067C2F73-0E67-4275-A7AC-D9CF7DE9B816}.Debug|x86.ActiveCfg = Debug|Any CPU
		{067C2F73-0E67-4275-A7AC-D9CF7DE9B816}.Debug|x86.Build.0 = Debug|Any CPU
		{067C2F73-0E67-4275-A7AC-D9CF7DE9B816}.Release|Any CPU.ActiveCfg = Release|Any CPU
		{067C2F73-0E67-4275-A7AC-D9CF7DE9B816}.Release|Any CPU.Build.0 = Release|Any CPU
		{067C2F73-0E67-4275-A7AC-D9CF7DE9B816}.Release|x64.ActiveCfg = Release|Any CPU
		{067C2F73-0E67-4275-A7AC-D9CF7DE9B816}.Release|x64.Build.0 = Release|Any CPU
		{067C2F73-0E67-4275-A7AC-D9CF7DE9B816}.Release|x86.ActiveCfg = Release|Any CPU
		{067C2F73-0E67-4275-A7AC-D9CF7DE9B816}.Release|x86.Build.0 = Release|Any CPU
		{1DD6A6E3-7B44-4546-8DE9-E760092E5383}.Debug|Any CPU.ActiveCfg = Debug|Any CPU
		{1DD6A6E3-7B44-4546-8DE9-E760092E5383}.Debug|Any CPU.Build.0 = Debug|Any CPU
		{1DD6A6E3-7B44-4546-8DE9-E760092E5383}.Debug|x64.ActiveCfg = Debug|Any CPU
		{1DD6A6E3-7B44-4546-8DE9-E760092E5383}.Debug|x64.Build.0 = Debug|Any CPU
		{1DD6A6E3-7B44-4546-8DE9-E760092E5383}.Debug|x86.ActiveCfg = Debug|Any CPU
		{1DD6A6E3-7B44-4546-8DE9-E760092E5383}.Debug|x86.Build.0 = Debug|Any CPU
		{1DD6A6E3-7B44-4546-8DE9-E760092E5383}.Release|Any CPU.ActiveCfg = Release|Any CPU
		{1DD6A6E3-7B44-4546-8DE9-E760092E5383}.Release|Any CPU.Build.0 = Release|Any CPU
		{1DD6A6E3-7B44-4546-8DE9-E760092E5383}.Release|x64.ActiveCfg = Release|Any CPU
		{1DD6A6E3-7B44-4546-8DE9-E760092E5383}.Release|x64.Build.0 = Release|Any CPU
		{1DD6A6E3-7B44-4546-8DE9-E760092E5383}.Release|x86.ActiveCfg = Release|Any CPU
		{1DD6A6E3-7B44-4546-8DE9-E760092E5383}.Release|x86.Build.0 = Release|Any CPU
		{CDD7CE77-D116-410D-87A1-B2CA15BEBD81}.Debug|Any CPU.ActiveCfg = Debug|Any CPU
		{CDD7CE77-D116-410D-87A1-B2CA15BEBD81}.Debug|Any CPU.Build.0 = Debug|Any CPU
		{CDD7CE77-D116-410D-87A1-B2CA15BEBD81}.Debug|x64.ActiveCfg = Debug|Any CPU
		{CDD7CE77-D116-410D-87A1-B2CA15BEBD81}.Debug|x64.Build.0 = Debug|Any CPU
		{CDD7CE77-D116-410D-87A1-B2CA15BEBD81}.Debug|x86.ActiveCfg = Debug|Any CPU
		{CDD7CE77-D116-410D-87A1-B2CA15BEBD81}.Debug|x86.Build.0 = Debug|Any CPU
		{CDD7CE77-D116-410D-87A1-B2CA15BEBD81}.Release|Any CPU.ActiveCfg = Release|Any CPU
		{CDD7CE77-D116-410D-87A1-B2CA15BEBD81}.Release|Any CPU.Build.0 = Release|Any CPU
		{CDD7CE77-D116-410D-87A1-B2CA15BEBD81}.Release|x64.ActiveCfg = Release|Any CPU
		{CDD7CE77-D116-410D-87A1-B2CA15BEBD81}.Release|x64.Build.0 = Release|Any CPU
		{CDD7CE77-D116-410D-87A1-B2CA15BEBD81}.Release|x86.ActiveCfg = Release|Any CPU
		{CDD7CE77-D116-410D-87A1-B2CA15BEBD81}.Release|x86.Build.0 = Release|Any CPU
		{627C7CC6-1B5C-4B39-8D7E-50173932FB31}.Debug|Any CPU.ActiveCfg = Debug|Any CPU
		{627C7CC6-1B5C-4B39-8D7E-50173932FB31}.Debug|Any CPU.Build.0 = Debug|Any CPU
		{627C7CC6-1B5C-4B39-8D7E-50173932FB31}.Debug|x64.ActiveCfg = Debug|Any CPU
		{627C7CC6-1B5C-4B39-8D7E-50173932FB31}.Debug|x64.Build.0 = Debug|Any CPU
		{627C7CC6-1B5C-4B39-8D7E-50173932FB31}.Debug|x86.ActiveCfg = Debug|Any CPU
		{627C7CC6-1B5C-4B39-8D7E-50173932FB31}.Debug|x86.Build.0 = Debug|Any CPU
		{627C7CC6-1B5C-4B39-8D7E-50173932FB31}.Release|Any CPU.ActiveCfg = Release|Any CPU
		{627C7CC6-1B5C-4B39-8D7E-50173932FB31}.Release|Any CPU.Build.0 = Release|Any CPU
		{627C7CC6-1B5C-4B39-8D7E-50173932FB31}.Release|x64.ActiveCfg = Release|Any CPU
		{627C7CC6-1B5C-4B39-8D7E-50173932FB31}.Release|x64.Build.0 = Release|Any CPU
		{627C7CC6-1B5C-4B39-8D7E-50173932FB31}.Release|x86.ActiveCfg = Release|Any CPU
		{627C7CC6-1B5C-4B39-8D7E-50173932FB31}.Release|x86.Build.0 = Release|Any CPU
		{B1AF57F7-A498-46B8-946E-FF47E2F9FA3C}.Debug|Any CPU.ActiveCfg = Debug|Any CPU
		{B1AF57F7-A498-46B8-946E-FF47E2F9FA3C}.Debug|Any CPU.Build.0 = Debug|Any CPU
		{B1AF57F7-A498-46B8-946E-FF47E2F9FA3C}.Debug|x64.ActiveCfg = Debug|Any CPU
		{B1AF57F7-A498-46B8-946E-FF47E2F9FA3C}.Debug|x64.Build.0 = Debug|Any CPU
		{B1AF57F7-A498-46B8-946E-FF47E2F9FA3C}.Debug|x86.ActiveCfg = Debug|Any CPU
		{B1AF57F7-A498-46B8-946E-FF47E2F9FA3C}.Debug|x86.Build.0 = Debug|Any CPU
		{B1AF57F7-A498-46B8-946E-FF47E2F9FA3C}.Release|Any CPU.ActiveCfg = Release|Any CPU
		{B1AF57F7-A498-46B8-946E-FF47E2F9FA3C}.Release|Any CPU.Build.0 = Release|Any CPU
		{B1AF57F7-A498-46B8-946E-FF47E2F9FA3C}.Release|x64.ActiveCfg = Release|Any CPU
		{B1AF57F7-A498-46B8-946E-FF47E2F9FA3C}.Release|x64.Build.0 = Release|Any CPU
		{B1AF57F7-A498-46B8-946E-FF47E2F9FA3C}.Release|x86.ActiveCfg = Release|Any CPU
		{B1AF57F7-A498-46B8-946E-FF47E2F9FA3C}.Release|x86.Build.0 = Release|Any CPU
		{925B2F06-2A7F-4033-9EAB-0BFC0B0F7569}.Debug|Any CPU.ActiveCfg = Debug|Any CPU
		{925B2F06-2A7F-4033-9EAB-0BFC0B0F7569}.Debug|Any CPU.Build.0 = Debug|Any CPU
		{925B2F06-2A7F-4033-9EAB-0BFC0B0F7569}.Debug|x64.ActiveCfg = Debug|Any CPU
		{925B2F06-2A7F-4033-9EAB-0BFC0B0F7569}.Debug|x64.Build.0 = Debug|Any CPU
		{925B2F06-2A7F-4033-9EAB-0BFC0B0F7569}.Debug|x86.ActiveCfg = Debug|Any CPU
		{925B2F06-2A7F-4033-9EAB-0BFC0B0F7569}.Debug|x86.Build.0 = Debug|Any CPU
		{925B2F06-2A7F-4033-9EAB-0BFC0B0F7569}.Release|Any CPU.ActiveCfg = Release|Any CPU
		{925B2F06-2A7F-4033-9EAB-0BFC0B0F7569}.Release|Any CPU.Build.0 = Release|Any CPU
		{925B2F06-2A7F-4033-9EAB-0BFC0B0F7569}.Release|x64.ActiveCfg = Release|Any CPU
		{925B2F06-2A7F-4033-9EAB-0BFC0B0F7569}.Release|x64.Build.0 = Release|Any CPU
		{925B2F06-2A7F-4033-9EAB-0BFC0B0F7569}.Release|x86.ActiveCfg = Release|Any CPU
		{925B2F06-2A7F-4033-9EAB-0BFC0B0F7569}.Release|x86.Build.0 = Release|Any CPU
		{8752A79D-6461-4108-B586-4073D28E6117}.Debug|Any CPU.ActiveCfg = Debug|Any CPU
		{8752A79D-6461-4108-B586-4073D28E6117}.Debug|Any CPU.Build.0 = Debug|Any CPU
		{8752A79D-6461-4108-B586-4073D28E6117}.Debug|x64.ActiveCfg = Debug|Any CPU
		{8752A79D-6461-4108-B586-4073D28E6117}.Debug|x64.Build.0 = Debug|Any CPU
		{8752A79D-6461-4108-B586-4073D28E6117}.Debug|x86.ActiveCfg = Debug|Any CPU
		{8752A79D-6461-4108-B586-4073D28E6117}.Debug|x86.Build.0 = Debug|Any CPU
		{8752A79D-6461-4108-B586-4073D28E6117}.Release|Any CPU.ActiveCfg = Release|Any CPU
		{8752A79D-6461-4108-B586-4073D28E6117}.Release|Any CPU.Build.0 = Release|Any CPU
		{8752A79D-6461-4108-B586-4073D28E6117}.Release|x64.ActiveCfg = Release|Any CPU
		{8752A79D-6461-4108-B586-4073D28E6117}.Release|x64.Build.0 = Release|Any CPU
		{8752A79D-6461-4108-B586-4073D28E6117}.Release|x86.ActiveCfg = Release|Any CPU
		{8752A79D-6461-4108-B586-4073D28E6117}.Release|x86.Build.0 = Release|Any CPU
		{9DA398B7-8A00-4F55-B454-38704A17B9D8}.Debug|Any CPU.ActiveCfg = Debug|Any CPU
		{9DA398B7-8A00-4F55-B454-38704A17B9D8}.Debug|Any CPU.Build.0 = Debug|Any CPU
		{9DA398B7-8A00-4F55-B454-38704A17B9D8}.Debug|x64.ActiveCfg = Debug|Any CPU
		{9DA398B7-8A00-4F55-B454-38704A17B9D8}.Debug|x64.Build.0 = Debug|Any CPU
		{9DA398B7-8A00-4F55-B454-38704A17B9D8}.Debug|x86.ActiveCfg = Debug|Any CPU
		{9DA398B7-8A00-4F55-B454-38704A17B9D8}.Debug|x86.Build.0 = Debug|Any CPU
		{9DA398B7-8A00-4F55-B454-38704A17B9D8}.Release|Any CPU.ActiveCfg = Release|Any CPU
		{9DA398B7-8A00-4F55-B454-38704A17B9D8}.Release|Any CPU.Build.0 = Release|Any CPU
		{9DA398B7-8A00-4F55-B454-38704A17B9D8}.Release|x64.ActiveCfg = Release|Any CPU
		{9DA398B7-8A00-4F55-B454-38704A17B9D8}.Release|x64.Build.0 = Release|Any CPU
		{9DA398B7-8A00-4F55-B454-38704A17B9D8}.Release|x86.ActiveCfg = Release|Any CPU
		{9DA398B7-8A00-4F55-B454-38704A17B9D8}.Release|x86.Build.0 = Release|Any CPU
		{E90AC67F-701B-4663-8408-52ED31B0DE03}.Debug|Any CPU.ActiveCfg = Debug|Any CPU
		{E90AC67F-701B-4663-8408-52ED31B0DE03}.Debug|Any CPU.Build.0 = Debug|Any CPU
		{E90AC67F-701B-4663-8408-52ED31B0DE03}.Debug|x64.ActiveCfg = Debug|Any CPU
		{E90AC67F-701B-4663-8408-52ED31B0DE03}.Debug|x64.Build.0 = Debug|Any CPU
		{E90AC67F-701B-4663-8408-52ED31B0DE03}.Debug|x86.ActiveCfg = Debug|Any CPU
		{E90AC67F-701B-4663-8408-52ED31B0DE03}.Debug|x86.Build.0 = Debug|Any CPU
		{E90AC67F-701B-4663-8408-52ED31B0DE03}.Release|Any CPU.ActiveCfg = Release|Any CPU
		{E90AC67F-701B-4663-8408-52ED31B0DE03}.Release|Any CPU.Build.0 = Release|Any CPU
		{E90AC67F-701B-4663-8408-52ED31B0DE03}.Release|x64.ActiveCfg = Release|Any CPU
		{E90AC67F-701B-4663-8408-52ED31B0DE03}.Release|x64.Build.0 = Release|Any CPU
		{E90AC67F-701B-4663-8408-52ED31B0DE03}.Release|x86.ActiveCfg = Release|Any CPU
		{E90AC67F-701B-4663-8408-52ED31B0DE03}.Release|x86.Build.0 = Release|Any CPU
		{3E134109-A1FB-41C1-BB50-9346FD36DC16}.Debug|Any CPU.ActiveCfg = Debug|Any CPU
		{3E134109-A1FB-41C1-BB50-9346FD36DC16}.Debug|Any CPU.Build.0 = Debug|Any CPU
		{3E134109-A1FB-41C1-BB50-9346FD36DC16}.Debug|x64.ActiveCfg = Debug|Any CPU
		{3E134109-A1FB-41C1-BB50-9346FD36DC16}.Debug|x64.Build.0 = Debug|Any CPU
		{3E134109-A1FB-41C1-BB50-9346FD36DC16}.Debug|x86.ActiveCfg = Debug|Any CPU
		{3E134109-A1FB-41C1-BB50-9346FD36DC16}.Debug|x86.Build.0 = Debug|Any CPU
		{3E134109-A1FB-41C1-BB50-9346FD36DC16}.Release|Any CPU.ActiveCfg = Release|Any CPU
		{3E134109-A1FB-41C1-BB50-9346FD36DC16}.Release|Any CPU.Build.0 = Release|Any CPU
		{3E134109-A1FB-41C1-BB50-9346FD36DC16}.Release|x64.ActiveCfg = Release|Any CPU
		{3E134109-A1FB-41C1-BB50-9346FD36DC16}.Release|x64.Build.0 = Release|Any CPU
		{3E134109-A1FB-41C1-BB50-9346FD36DC16}.Release|x86.ActiveCfg = Release|Any CPU
		{3E134109-A1FB-41C1-BB50-9346FD36DC16}.Release|x86.Build.0 = Release|Any CPU
		{64127889-7CA0-4DB6-B891-FE2A8B07D001}.Debug|Any CPU.ActiveCfg = Debug|Any CPU
		{64127889-7CA0-4DB6-B891-FE2A8B07D001}.Debug|Any CPU.Build.0 = Debug|Any CPU
		{64127889-7CA0-4DB6-B891-FE2A8B07D001}.Debug|x64.ActiveCfg = Debug|Any CPU
		{64127889-7CA0-4DB6-B891-FE2A8B07D001}.Debug|x64.Build.0 = Debug|Any CPU
		{64127889-7CA0-4DB6-B891-FE2A8B07D001}.Debug|x86.ActiveCfg = Debug|Any CPU
		{64127889-7CA0-4DB6-B891-FE2A8B07D001}.Debug|x86.Build.0 = Debug|Any CPU
		{64127889-7CA0-4DB6-B891-FE2A8B07D001}.Release|Any CPU.ActiveCfg = Release|Any CPU
		{64127889-7CA0-4DB6-B891-FE2A8B07D001}.Release|Any CPU.Build.0 = Release|Any CPU
		{64127889-7CA0-4DB6-B891-FE2A8B07D001}.Release|x64.ActiveCfg = Release|Any CPU
		{64127889-7CA0-4DB6-B891-FE2A8B07D001}.Release|x64.Build.0 = Release|Any CPU
		{64127889-7CA0-4DB6-B891-FE2A8B07D001}.Release|x86.ActiveCfg = Release|Any CPU
		{64127889-7CA0-4DB6-B891-FE2A8B07D001}.Release|x86.Build.0 = Release|Any CPU
		{1773F34C-BF8A-4597-B47D-BF20CE9EF4D4}.Debug|Any CPU.ActiveCfg = Debug|Any CPU
		{1773F34C-BF8A-4597-B47D-BF20CE9EF4D4}.Debug|Any CPU.Build.0 = Debug|Any CPU
		{1773F34C-BF8A-4597-B47D-BF20CE9EF4D4}.Debug|x64.ActiveCfg = Debug|Any CPU
		{1773F34C-BF8A-4597-B47D-BF20CE9EF4D4}.Debug|x64.Build.0 = Debug|Any CPU
		{1773F34C-BF8A-4597-B47D-BF20CE9EF4D4}.Debug|x86.ActiveCfg = Debug|Any CPU
		{1773F34C-BF8A-4597-B47D-BF20CE9EF4D4}.Debug|x86.Build.0 = Debug|Any CPU
		{1773F34C-BF8A-4597-B47D-BF20CE9EF4D4}.Release|Any CPU.ActiveCfg = Release|Any CPU
		{1773F34C-BF8A-4597-B47D-BF20CE9EF4D4}.Release|Any CPU.Build.0 = Release|Any CPU
		{1773F34C-BF8A-4597-B47D-BF20CE9EF4D4}.Release|x64.ActiveCfg = Release|Any CPU
		{1773F34C-BF8A-4597-B47D-BF20CE9EF4D4}.Release|x64.Build.0 = Release|Any CPU
		{1773F34C-BF8A-4597-B47D-BF20CE9EF4D4}.Release|x86.ActiveCfg = Release|Any CPU
		{1773F34C-BF8A-4597-B47D-BF20CE9EF4D4}.Release|x86.Build.0 = Release|Any CPU
	EndGlobalSection
	GlobalSection(SolutionProperties) = preSolution
		HideSolutionNode = FALSE
	EndGlobalSection
	GlobalSection(NestedProjects) = preSolution
		{3C49875F-386E-4C94-A80C-0C75C7A83BCB} = {B3ED4EBD-0881-4B81-BE67-B1D508C591DC}
		{F478360B-DE13-4F0B-9649-C7D4F8539D28} = {110B9A2A-E39B-4883-ACB6-7E05CE77AF9C}
		{C8212E43-5130-49C7-A5B0-7C6FD5249A34} = {FCA8CA8F-EE29-4CEA-8627-5EA7638B7C04}
		{BEFC3D0A-B8FF-4147-835D-B5AA3F089CE9} = {FCA8CA8F-EE29-4CEA-8627-5EA7638B7C04}
		{1A0FF48D-B70B-48FE-88B3-46010BA48E7D} = {B3ED4EBD-0881-4B81-BE67-B1D508C591DC}
		{83747B88-8688-421B-943F-8FD5740CB285} = {47446019-475A-4080-AEAD-C4A02C7C32B0}
		{C33DFE37-43EE-4E4E-A673-A4E46B7ACA71} = {83747B88-8688-421B-943F-8FD5740CB285}
		{2B7751F7-31AF-4C74-BC2A-90613C2C7AEC} = {83747B88-8688-421B-943F-8FD5740CB285}
		{0AAF4E59-8D56-49BD-94E1-96053694DB43} = {83747B88-8688-421B-943F-8FD5740CB285}
		{88192190-F47C-4110-BAB4-15A259370538} = {83747B88-8688-421B-943F-8FD5740CB285}
		{067C2F73-0E67-4275-A7AC-D9CF7DE9B816} = {A9F6763B-97CD-4520-96A2-EC6A9C1CEEE2}
		{1DD6A6E3-7B44-4546-8DE9-E760092E5383} = {A9F6763B-97CD-4520-96A2-EC6A9C1CEEE2}
		{CDD7CE77-D116-410D-87A1-B2CA15BEBD81} = {A9F6763B-97CD-4520-96A2-EC6A9C1CEEE2}
		{A9F6763B-97CD-4520-96A2-EC6A9C1CEEE2} = {83747B88-8688-421B-943F-8FD5740CB285}
		{B3ED4EBD-0881-4B81-BE67-B1D508C591DC} = {FCA8CA8F-EE29-4CEA-8627-5EA7638B7C04}
		{24266F7D-EC6E-4072-A807-1E2EA7994DAB} = {47446019-475A-4080-AEAD-C4A02C7C32B0}
		{30D0171C-EB8A-4675-85E6-C38DE20696F2} = {47446019-475A-4080-AEAD-C4A02C7C32B0}
		{627C7CC6-1B5C-4B39-8D7E-50173932FB31} = {30D0171C-EB8A-4675-85E6-C38DE20696F2}
		{B1AF57F7-A498-46B8-946E-FF47E2F9FA3C} = {30D0171C-EB8A-4675-85E6-C38DE20696F2}
		{D886B717-2B3B-404D-8ADC-9AA49398FA5E} = {30D0171C-EB8A-4675-85E6-C38DE20696F2}
		{925B2F06-2A7F-4033-9EAB-0BFC0B0F7569} = {D886B717-2B3B-404D-8ADC-9AA49398FA5E}
		{8752A79D-6461-4108-B586-4073D28E6117} = {24266F7D-EC6E-4072-A807-1E2EA7994DAB}
		{9DA398B7-8A00-4F55-B454-38704A17B9D8} = {24266F7D-EC6E-4072-A807-1E2EA7994DAB}
		{E90AC67F-701B-4663-8408-52ED31B0DE03} = {24266F7D-EC6E-4072-A807-1E2EA7994DAB}
		{B899EFBD-B7CE-410B-83C0-78A540C50128} = {24266F7D-EC6E-4072-A807-1E2EA7994DAB}
		{3E134109-A1FB-41C1-BB50-9346FD36DC16} = {B899EFBD-B7CE-410B-83C0-78A540C50128}
		{64127889-7CA0-4DB6-B891-FE2A8B07D001} = {B899EFBD-B7CE-410B-83C0-78A540C50128}
		{1773F34C-BF8A-4597-B47D-BF20CE9EF4D4} = {24266F7D-EC6E-4072-A807-1E2EA7994DAB}
	EndGlobalSection
	GlobalSection(ExtensibilityGlobals) = postSolution
		SolutionGuid = {824A34F1-8A95-4A8A-8585-3F7FCDE66AFB}
	EndGlobalSection
EndGlobal
